
Microsoft Visual Studio Solution File, Format Version 12.00
# Visual Studio 15
VisualStudioVersion = 15.0.26730.16
MinimumVisualStudioVersion = 10.0.40219.1
Project("{FAE04EC0-301F-11D3-BF4B-00C04F79EFBC}") = "VacationPlanner", "VacationPlanner\VacationPlanner.csproj", "{69D7E91C-847C-41C0-AA9E-FAC58C3DF2F0}"
EndProject
Global
	GlobalSection(SolutionConfigurationPlatforms) = preSolution
		Debug|Any CPU = Debug|Any CPU
		Release|Any CPU = Release|Any CPU
	EndGlobalSection
	GlobalSection(ProjectConfigurationPlatforms) = postSolution
		{69D7E91C-847C-41C0-AA9E-FAC58C3DF2F0}.Debug|Any CPU.ActiveCfg = Debug|Any CPU
		{69D7E91C-847C-41C0-AA9E-FAC58C3DF2F0}.Debug|Any CPU.Build.0 = Debug|Any CPU
		{69D7E91C-847C-41C0-AA9E-FAC58C3DF2F0}.Release|Any CPU.ActiveCfg = Release|Any CPU
		{69D7E91C-847C-41C0-AA9E-FAC58C3DF2F0}.Release|Any CPU.Build.0 = Release|Any CPU
	EndGlobalSection
	GlobalSection(SolutionProperties) = preSolution
		HideSolutionNode = FALSE
	EndGlobalSection
	GlobalSection(ExtensibilityGlobals) = postSolution
		SolutionGuid = {9FC32086-B699-48CE-9A3D-89F20DDA3CBF}
	EndGlobalSection
EndGlobal
